{
  "name": "ojee-ui",
  "version": "1.0.0",
  "lockfileVersion": 3,
  "requires": true,
  "packages": {
    "": {
      "name": "ojee-ui",
      "version": "1.0.0",
      "license": "MIT",
      "devDependencies": {
        "@material-symbols/svg-400": "^0.47.4"
      }
    },
    "node_modules/@material-symbols/svg-400": {
      "version": "0.47.4",
      "resolved": "https://registry.npmjs.org/@material-symbols/svg-400/-/svg-400-0.47.4.tgz",
      "integrity": "sha512-o6vhGUH7Lk6epJkDJevmjRF2vQz2ognSlJujHW5O10S/2CTwVD+CRxCePfgj3tF0GVwhJMkd8qCMYUCfAEhXkg==",
      "dev": true,
      "license": "Apache-2.0"
    }
  }
}
